// !$*UTF8*$!
{
	archiveVersion = 1;
	classes = {
	};
	objectVersion = 48;
	objects = {

/* Begin PBXBuildFile section */
		62ED8180201907D000573BA4 /* main.m in Sources */ = {isa = PBXBuildFile; fileRef = 62ED817F201907D000573BA4 /* main.m */; };
		62ED8188201907E100573BA4 /* SFApp.m in Sources */ = {isa = PBXBuildFile; fileRef = 62ED8187201907E100573BA4 /* SFApp.m */; };
		62ED818B2019082800573BA4 /* SFQuote.m in Sources */ = {isa = PBXBuildFile; fileRef = 62ED818A2019082800573BA4 /* SFQuote.m */; };
/* End PBXBuildFile section */

/* Begin PBXCopyFilesBuildPhase section */
		62ED817A201907D000573BA4 /* CopyFiles */ = {
			isa = PBXCopyFilesBuildPhase;
			buildActionMask = 2147483647;
			dstPath = /usr/share/man/man1/;
			dstSubfolderSpec = 0;
			files = (
			);
			runOnlyForDeploymentPostprocessing = 1;
		};
/* End PBXCopyFilesBuildPhase section */

/* Begin PBXFileReference section */
		62ED817C201907D000573BA4 /* Sci-FiQuotes */ = {isa = PBXFileReference; explicitFileType = "compiled.mach-o.executable"; includeInIndex = 0; path = "Sci-FiQuotes"; sourceTree = BUILT_PRODUCTS_DIR; };
		62ED817F201907D000573BA4 /* main.m */ = {isa = PBXFileReference; lastKnownFileType = sourcecode.c.objc; path = main.m; sourceTree = "<group>"; };
		62ED8186201907E100573BA4 /* SFApp.h */ = {isa = PBXFileReference; lastKnownFileType = sourcecode.c.h; path = SFApp.h; sourceTree = "<group>"; };
		62ED8187201907E100573BA4 /* SFApp.m */ = {isa = PBXFileReference; lastKnownFileType = sourcecode.c.objc; path = SFApp.m; sourceTree = "<group>"; };
		62ED81892019082800573BA4 /* SFQuote.h */ = {isa = PBXFileReference; lastKnownFileType = sourcecode.c.h; path = SFQuote.h; sourceTree = "<group>"; };
		62ED818A2019082800573BA4 /* SFQuote.m */ = {isa = PBXFileReference; lastKnownFileType = sourcecode.c.objc; path = SFQuote.m; sourceTree = "<group>"; };
/* End PBXFileReference section */

/* Begin PBXFrameworksBuildPhase section */
		62ED8179201907D000573BA4 /* Frameworks */ = {
			isa = PBXFrameworksBuildPhase;
			buildActionMask = 2147483647;
			files = (
			);
			runOnlyForDeploymentPostprocessing = 0;
		};
/* End PBXFrameworksBuildPhase section */

/* Begin PBXGroup section */
		62ED8173201907D000573BA4 = {
			isa = PBXGroup;
			children = (
				62ED817E201907D000573BA4 /* Sci-FiQuotes */,
				62ED817D201907D000573BA4 /* Products */,
			);
			sourceTree = "<group>";
		};
		62ED817D201907D000573BA4 /* Products */ = {
			isa = PBXGroup;
			children = (
				62ED817C201907D000573BA4 /* Sci-FiQuotes */,
			);
			name = Products;
			sourceTree = "<group>";
		};
		62ED817E201907D000573BA4 /* Sci-FiQuotes */ = {
			isa = PBXGroup;
			children = (
				62ED817F201907D000573BA4 /* main.m */,
				62ED8186201907E100573BA4 /* SFApp.h */,
				62ED8187201907E100573BA4 /* SFApp.m */,
				62ED81892019082800573BA4 /* SFQuote.h */,
				62ED818A2019082800573BA4 /* SFQuote.m */,
			);
			path = "Sci-FiQuotes";
			sourceTree = "<group>";
		};
/* End PBXGroup section */

/* Begin PBXNativeTarget section */
		62ED817B201907D000573BA4 /* Sci-FiQuotes */ = {
			isa = PBXNativeTarget;
			buildConfigurationList = 62ED8183201907D000573BA4 /* Build configuration list for PBXNativeTarget "Sci-FiQuotes" */;
			buildPhases = (
				62ED8178201907D000573BA4 /* Sources */,
				62ED8179201907D000573BA4 /* Frameworks */,
				62ED817A201907D000573BA4 /* CopyFiles */,
			);
			buildRules = (
			);
			dependencies = (
			);
			name = "Sci-FiQuotes";
			productName = "Sci-FiQuotes";
			productReference = 62ED817C201907D000573BA4 /* Sci-FiQuotes */;
			productType = "com.apple.product-type.tool";
		};
/* End PBXNativeTarget section */

/* Begin PBXProject section */
		62ED8174201907D000573BA4 /* Project object */ = {
			isa = PBXProject;
			attributes = {
				LastUpgradeCheck = 0920;
				ORGANIZATIONNAME = "Steven Sherry";
				TargetAttributes = {
					62ED817B201907D000573BA4 = {
						CreatedOnToolsVersion = 9.2;
						ProvisioningStyle = Automatic;
					};
				};
			};
			buildConfigurationList = 62ED8177201907D000573BA4 /* Build configuration list for PBXProject "Sci-FiQuotes" */;
			compatibilityVersion = "Xcode 8.0";
			developmentRegion = en;
			hasScannedForEncodings = 0;
			knownRegions = (
				en,
			);
			mainGroup = 62ED8173201907D000573BA4;
			productRefGroup = 62ED817D201907D000573BA4 /* Products */;
			projectDirPath = "";
			projectRoot = "";
			targets = (
				62ED817B201907D000573BA4 /* Sci-FiQuotes */,
			);
		};
/* End PBXProject section */

/* Begin PBXSourcesBuildPhase section */
		62ED8178201907D000573BA4 /* Sources */ = {
			isa = PBXSourcesBuildPhase;
			buildActionMask = 2147483647;
			files = (
				62ED818B2019082800573BA4 /* SFQuote.m in Sources */,
				62ED8188201907E100573BA4 /* SFApp.m in Sources */,
				62ED8180201907D000573BA4 /* main.m in Sources */,
			);
			runOnlyForDeploymentPostprocessing = 0;
		};
/* End PBXSourcesBuildPhase section */

/* Begin XCBuildConfiguration section */
		62ED8181201907D000573BA4 /* Debug */ = {
			isa = XCBuildConfiguration;
			buildSettings = {
				ALWAYS_SEARCH_USER_PATHS = NO;
				CLANG_ANALYZER_NONNULL = YES;
				CLANG_ANALYZER_NUMBER_OBJECT_CONVERSION = YES_AGGRESSIVE;
				CLANG_CXX_LANGUAGE_STANDARD = "gnu++14";
				CLANG_CXX_LIBRARY = "libc++";
				CLANG_ENABLE_MODULES = YES;
				CLANG_ENABLE_OBJC_ARC = YES;
				CLANG_WARN_BLOCK_CAPTURE_AUTORELEASING = YES;
				CLANG_WARN_BOOL_CONVERSION = YES;
				CLANG_WARN_COMMA = YES;
				CLANG_WARN_CONSTANT_CONVERSION = YES;
				CLANG_WARN_DIRECT_OBJC_ISA_USAGE = YES_ERROR;
				CLANG_WARN_DOCUMENTATION_COMMENTS = YES;
				CLANG_WARN_EMPTY_BODY = YES;
				CLANG_WARN_ENUM_CONVERSION = YES;
				CLANG_WARN_INFINITE_RECURSION = YES;
				CLANG_WARN_INT_CONVERSION = YES;
				CLANG_WARN_NON_LITERAL_NULL_CONVERSION = YES;
				CLANG_WARN_OBJC_LITERAL_CONVERSION = YES;
				CLANG_WARN_OBJC_ROOT_CLASS = YES_ERROR;
				CLANG_WARN_RANGE_LOOP_ANALYSIS = YES;
				CLANG_WARN_STRICT_PROTOTYPES = YES;
				CLANG_WARN_SUSPICIOUS_MOVE = YES;
				CLANG_WARN_UNGUARDED_AVAILABILITY = YES_AGGRESSIVE;
				CLANG_WARN_UNREACHABLE_CODE = YES;
				CLANG_WARN__DUPLICATE_METHOD_MATCH = YES;
				CODE_SIGN_IDENTITY = "Mac Developer";
				COPY_PHASE_STRIP = NO;
				DEBUG_INFORMATION_FORMAT = dwarf;
				ENABLE_STRICT_OBJC_MSGSEND = YES;
				ENABLE_TESTABILITY = YES;
				GCC_C_LANGUAGE_STANDARD = gnu11;
				GCC_DYNAMIC_NO_PIC = NO;
				GCC_NO_COMMON_BLOCKS = YES;
				GCC_OPTIMIZATION_LEVEL = 0;
				GCC_PREPROCESSOR_DEFINITIONS = (
					"DEBUG=1",
					"$(inherited)",
				);
				GCC_WARN_64_TO_32_BIT_CONVERSION = YES;
				GCC_WARN_ABOUT_RETURN_TYPE = YES_ERROR;
				GCC_WARN_UNDECLARED_SELECTOR = YES;
				GCC_WARN_UNINITIALIZED_AUTOS = YES_AGGRESSIVE;
				GCC_WARN_UNUSED_FUNCTION = YES;
				GCC_WARN_UNUSED_VARIABLE = YES;
				MACOSX_DEPLOYMENT_TARGET = 10.13;
				MTL_ENABLE_DEBUG_INFO = YES;
				ONLY_ACTIVE_ARCH = YES;
				SDKROOT = macosx;
			};
			name = Debug;
		};
		62ED8182201907D000573BA4 /* Release */ = {
			isa = XCBuildConfiguration;
			buildSettings = {
				ALWAYS_SEARCH_USER_PATHS = NO;
				CLANG_ANALYZER_NONNULL = YES;
				CLANG_ANALYZER_NUMBER_OBJECT_CONVERSION = YES_AGGRESSIVE;
				CLANG_CXX_LANGUAGE_STANDARD = "gnu++14";
				CLANG_CXX_LIBRARY = "libc++";
				CLANG_ENABLE_MODULES = YES;
				CLANG_ENABLE_OBJC_ARC = YES;
				CLANG_WARN_BLOCK_CAPTURE_AUTORELEASING = YES;
				CLANG_WARN_BOOL_CONVERSION = YES;
				CLANG_WARN_COMMA = YES;
				CLANG_WARN_CONSTANT_CONVERSION = YES;
				CLANG_WARN_DIRECT_OBJC_ISA_USAGE = YES_ERROR;
				CLANG_WARN_DOCUMENTATION_COMMENTS = YES;
				CLANG_WARN_EMPTY_BODY = YES;
				CLANG_WARN_ENUM_CONVERSION = YES;
				CLANG_WARN_INFINITE_RECURSION = YES;
				CLANG_WARN_INT_CONVERSION = YES;
				CLANG_WARN_NON_LITERAL_NULL_CONVERSION = YES;
				CLANG_WARN_OBJC_LITERAL_CONVERSION = YES;
				CLANG_WARN_OBJC_ROOT_CLASS = YES_ERROR;
				CLANG_WARN_RANGE_LOOP_ANALYSIS = YES;
				CLANG_WARN_STRICT_PROTOTYPES = YES;
				CLANG_WARN_SUSPICIOUS_MOVE = YES;
				CLANG_WARN_UNGUARDED_AVAILABILITY = YES_AGGRESSIVE;
				CLANG_WARN_UNREACHABLE_CODE = YES;
				CLANG_WARN__DUPLICATE_METHOD_MATCH = YES;
				CODE_SIGN_IDENTITY = "Mac Developer";
				COPY_PHASE_STRIP = NO;
				DEBUG_INFORMATION_FORMAT = "dwarf-with-dsym";
				ENABLE_NS_ASSERTIONS = NO;
				ENABLE_STRICT_OBJC_MSGSEND = YES;
				GCC_C_LANGUAGE_STANDARD = gnu11;
				GCC_NO_COMMON_BLOCKS = YES;
				GCC_WARN_64_TO_32_BIT_CONVERSION = YES;
				GCC_WARN_ABOUT_RETURN_TYPE = YES_ERROR;
				GCC_WARN_UNDECLARED_SELECTOR = YES;
				GCC_WARN_UNINITIALIZED_AUTOS = YES_AGGRESSIVE;
				GCC_WARN_UNUSED_FUNCTION = YES;
				GCC_WARN_UNUSED_VARIABLE = YES;
				MACOSX_DEPLOYMENT_TARGET = 10.13;
				MTL_ENABLE_DEBUG_INFO = NO;
				SDKROOT = macosx;
			};
			name = Release;
		};
		62ED8184201907D000573BA4 /* Debug */ = {
			isa = XCBuildConfiguration;
			buildSettings = {
				CODE_SIGN_STYLE = Automatic;
				DEVELOPMENT_TEAM = EWSMAH6SD7;
				PRODUCT_NAME = "$(TARGET_NAME)";
			};
			name = Debug;
		};
		62ED8185201907D000573BA4 /* Release */ = {
			isa = XCBuildConfiguration;
			buildSettings = {
				CODE_SIGN_STYLE = Automatic;
				DEVELOPMENT_TEAM = EWSMAH6SD7;
				PRODUCT_NAME = "$(TARGET_NAME)";
			};
			name = Release;
		};
/* End XCBuildConfiguration section */

/* Begin XCConfigurationList section */
		62ED8177201907D000573BA4 /* Build configuration list for PBXProject "Sci-FiQuotes" */ = {
			isa = XCConfigurationList;
			buildConfigurations = (
				62ED8181201907D000573BA4 /* Debug */,
				62ED8182201907D000573BA4 /* Release */,
			);
			defaultConfigurationIsVisible = 0;
			defaultConfigurationName = Release;
		};
		62ED8183201907D000573BA4 /* Build configuration list for PBXNativeTarget "Sci-FiQuotes" */ = {
			isa = XCConfigurationList;
			buildConfigurations = (
				62ED8184201907D000573BA4 /* Debug */,
				62ED8185201907D000573BA4 /* Release */,
			);
			defaultConfigurationIsVisible = 0;
			defaultConfigurationName = Release;
		};
/* End XCConfigurationList section */
	};
	rootObject = 62ED8174201907D000573BA4 /* Project object */;
}
